
Microsoft Visual Studio Solution File, Format Version 12.00
# Visual Studio Version 17
VisualStudioVersion = 17.2.32630.192
MinimumVisualStudioVersion = 10.0.40219.1
Project("{FAE04EC0-301F-11D3-BF4B-00C04F79EFBC}") = "Web_Auto", "Web_Auto\Web_Auto.csproj", "{A7E603FF-D394-4371-B851-34D23EEBBB8C}"
EndProject
Global
	GlobalSection(SolutionConfigurationPlatforms) = preSolution
		Debug|Any CPU = Debug|Any CPU
		Release|Any CPU = Release|Any CPU
	EndGlobalSection
	GlobalSection(ProjectConfigurationPlatforms) = postSolution
		{A7E603FF-D394-4371-B851-34D23EEBBB8C}.Debug|Any CPU.ActiveCfg = Debug|Any CPU
		{A7E603FF-D394-4371-B851-34D23EEBBB8C}.Debug|Any CPU.Build.0 = Debug|Any CPU
		{A7E603FF-D394-4371-B851-34D23EEBBB8C}.Release|Any CPU.ActiveCfg = Release|Any CPU
		{A7E603FF-D394-4371-B851-34D23EEBBB8C}.Release|Any CPU.Build.0 = Release|Any CPU
	EndGlobalSection
	GlobalSection(SolutionProperties) = preSolution
		HideSolutionNode = FALSE
	EndGlobalSection
	GlobalSection(ExtensibilityGlobals) = postSolution
		SolutionGuid = {8016102F-21B0-4EC9-A549-3356A47CE62C}
	EndGlobalSection
EndGlobal
